
Microsoft Visual Studio Solution File, Format Version 12.00
# Visual Studio Version 17
VisualStudioVersion = 17.6.33712.159
MinimumVisualStudioVersion = 10.0.40219.1
Project("{FAE04EC0-301F-11D3-BF4B-00C04F79EFBC}") = "ATM", "ATM\ATM.csproj", "{FB4145FD-BD85-4AA9-BD43-9DE81F523A6B}"
EndProject
Global
	GlobalSection(SolutionConfigurationPlatforms) = preSolution
		Debug|Any CPU = Debug|Any CPU
		Release|Any CPU = Release|Any CPU
	EndGlobalSection
	GlobalSection(ProjectConfigurationPlatforms) = postSolution
		{FB4145FD-BD85-4AA9-BD43-9DE81F523A6B}.Debug|Any CPU.ActiveCfg = Debug|Any CPU
		{FB4145FD-BD85-4AA9-BD43-9DE81F523A6B}.Debug|Any CPU.Build.0 = Debug|Any CPU
		{FB4145FD-BD85-4AA9-BD43-9DE81F523A6B}.Release|Any CPU.ActiveCfg = Release|Any CPU
		{FB4145FD-BD85-4AA9-BD43-9DE81F523A6B}.Release|Any CPU.Build.0 = Release|Any CPU
	EndGlobalSection
	GlobalSection(SolutionProperties) = preSolution
		HideSolutionNode = FALSE
	EndGlobalSection
	GlobalSection(ExtensibilityGlobals) = postSolution
		SolutionGuid = {31530098-36A3-4DFA-8B4E-F24C2665FBE2}
	EndGlobalSection
EndGlobal
